
Microsoft Visual Studio Solution File, Format Version 12.00
# Visual Studio Version 17
VisualStudioVersion = 17.8.34322.80
MinimumVisualStudioVersion = 10.0.40219.1
Project("{2150E333-8FDC-42A3-9474-1A3956D46DE8}") = "01 Presentation", "01 Presentation", "{AB6D4CDF-3E33-4E36-BF80-6606BDB00691}"
EndProject
Project("{9A19103F-16F7-4668-BE54-9A1E7A4F7556}") = "Eduegate.Recruitment.Portal", "Presentation\Eduegate.Recruitment.Portal\Eduegate.Recruitment.Portal.csproj", "{28B63062-C3B8-47C4-941D-2F107B61D138}"
EndProject
Project("{2150E333-8FDC-42A3-9474-1A3956D46DE8}") = "03 Domain", "03 Domain", "{BA00B884-6431-4548-ADA4-F6184937BCA3}"
EndProject
Project("{2150E333-8FDC-42A3-9474-1A3956D46DE8}") = "Entity", "Entity", "{F0AD0EC0-6898-444B-9DBA-66D29DFE7E74}"
EndProject
Project("{9A19103F-16F7-4668-BE54-9A1E7A4F7556}") = "Eduegate.Domain.Entity", "Domain\Eduegate.Domain.Entity\Eduegate.Domain.Entity.csproj", "{78847733-C2A4-4592-81EF-9F190439340E}"
EndProject
Project("{9A19103F-16F7-4668-BE54-9A1E7A4F7556}") = "Eduegate.Domain.Entity.IoC.PublicApi", "Domain\Eduegate.Domain.Entity.IoC.PublicApi\Eduegate.Domain.Entity.IoC.PublicApi.csproj", "{711B1899-6481-439D-A2DB-83E6FDC45912}"
EndProject
Project("{2150E333-8FDC-42A3-9474-1A3956D46DE8}") = "02 Services", "02 Services", "{D1D68ABF-818C-4E79-86A0-AF3488FC3517}"
EndProject
Project("{2150E333-8FDC-42A3-9474-1A3956D46DE8}") = "Client", "Client", "{41418F0C-B817-4AE2-9C6B-D33C10643803}"
EndProject
Project("{2150E333-8FDC-42A3-9474-1A3956D46DE8}") = "Contracts", "Contracts", "{85EC22C5-EAAB-4B1B-A286-0183678C4D55}"
EndProject
Project("{9A19103F-16F7-4668-BE54-9A1E7A4F7556}") = "Eduegate.Services", "Services\Eduegate.Services\Eduegate.Services.csproj", "{CDC6A3A1-3ABD-447C-A515-9719A67B215F}"
EndProject
Project("{9A19103F-16F7-4668-BE54-9A1E7A4F7556}") = "Eduegate.Hub.Client", "Services\Eduegate.Hub.Client\Eduegate.Hub.Client.csproj", "{CEA13F69-F864-4834-9950-97BFF717D9CD}"
EndProject
Project("{9A19103F-16F7-4668-BE54-9A1E7A4F7556}") = "Eduegate.Services.Client", "Services\Eduegate.Services.Client\Eduegate.Services.Client.csproj", "{DF33EAEE-87C6-4F87-A906-DCA1BC606C9D}"
EndProject
Project("{9A19103F-16F7-4668-BE54-9A1E7A4F7556}") = "Eduegate.Services.Client.Direct", "Services\Eduegate.Services.Client.Direct\Eduegate.Services.Client.Direct.csproj", "{C214F612-3969-41BA-B7C9-5CB6C013A9B2}"
EndProject
Project("{9A19103F-16F7-4668-BE54-9A1E7A4F7556}") = "Eduegate.Services.Client.Factory", "Services\Eduegate.Services.Client.ClientFactory\Eduegate.Services.Client.Factory.csproj", "{12EDC0D1-3C44-449E-AB2A-C7B401B0552D}"
EndProject
Project("{2150E333-8FDC-42A3-9474-1A3956D46DE8}") = "ViewModels", "ViewModels", "{5F12CB98-82E1-426B-82E6-38B0EEAD9391}"
EndProject
Project("{9A19103F-16F7-4668-BE54-9A1E7A4F7556}") = "Eduegate.Web.Library", "Presentation\Eduegate.Web.Library\Eduegate.Web.Library.csproj", "{B8F75865-FFA5-41EF-9421-F5AF60FB8DA6}"
EndProject
Project("{2150E333-8FDC-42A3-9474-1A3956D46DE8}") = "06 Application", "06 Application", "{5927D57A-BC67-495D-BF6C-EC8117B8D5B5}"
EndProject
Project("{9A19103F-16F7-4668-BE54-9A1E7A4F7556}") = "Eduegate.Application.Mvc", "Application\Eduegate.Application.Mvc\Eduegate.Application.Mvc.csproj", "{28BB6DBB-9248-4265-BC10-5B52BF81148A}"
EndProject
Project("{9A19103F-16F7-4668-BE54-9A1E7A4F7556}") = "Eduegate.Services.Contracts", "Services\Eduegate.Services.Contracts\Eduegate.Services.Contracts.csproj", "{B172835E-51B2-4E69-A928-9354DEA64120}"
EndProject
Project("{9A19103F-16F7-4668-BE54-9A1E7A4F7556}") = "Eduegate.Services.Contracts.Contents", "Services\Eduegate.Services.Contracts.Contents\Eduegate.Services.Contracts.Contents.csproj", "{A25467D7-557D-472F-BE57-B768B0098F9F}"
EndProject
Project("{9A19103F-16F7-4668-BE54-9A1E7A4F7556}") = "Eduegate.Domain", "Domain\Eduegate.Domain\Eduegate.Domain.csproj", "{B0E8B164-484A-41DA-978C-F906A4C9D6AA}"
EndProject
Project("{2150E333-8FDC-42A3-9474-1A3956D46DE8}") = "Repository", "Repository", "{C4C03494-8479-43EF-9C8A-A8811B84D209}"
EndProject
Project("{9A19103F-16F7-4668-BE54-9A1E7A4F7556}") = "Eduegate.Domain.Repository", "Domain\Eduegate.Domain.Repository\Eduegate.Domain.Repository.csproj", "{25DE1DD9-FC99-461E-89C3-C9DC518B3E5A}"
EndProject
Project("{2150E333-8FDC-42A3-9474-1A3956D46DE8}") = "Mappers", "Mappers", "{CD60C629-192E-4E90-9855-1A3ACF5AD08B}"
EndProject
Project("{FAE04EC0-301F-11D3-BF4B-00C04F79EFBC}") = "Eduegate.Domain.Mappers.HR", "Domain\Eduegate.Domain.Mappers.HR\Eduegate.Domain.Mappers.HR.csproj", "{FB48C0B1-95CF-4535-AC8F-EA7EE6CC629E}"
EndProject
Project("{FAE04EC0-301F-11D3-BF4B-00C04F79EFBC}") = "Eduegate.Services.Contracts.HR", "Services\Eduegate.Services.Contracts.HR\Eduegate.Services.Contracts.HR.csproj", "{170F9E3D-2F5A-C6AF-F55B-46165EBB5626}"
EndProject
Global
	GlobalSection(SolutionConfigurationPlatforms) = preSolution
		Debug|Any CPU = Debug|Any CPU
		Release|Any CPU = Release|Any CPU
	EndGlobalSection
	GlobalSection(ProjectConfigurationPlatforms) = postSolution
		{28B63062-C3B8-47C4-941D-2F107B61D138}.Debug|Any CPU.ActiveCfg = Debug|Any CPU
		{28B63062-C3B8-47C4-941D-2F107B61D138}.Debug|Any CPU.Build.0 = Debug|Any CPU
		{28B63062-C3B8-47C4-941D-2F107B61D138}.Release|Any CPU.ActiveCfg = Release|Any CPU
		{28B63062-C3B8-47C4-941D-2F107B61D138}.Release|Any CPU.Build.0 = Release|Any CPU
		{78847733-C2A4-4592-81EF-9F190439340E}.Debug|Any CPU.ActiveCfg = Debug|Any CPU
		{78847733-C2A4-4592-81EF-9F190439340E}.Debug|Any CPU.Build.0 = Debug|Any CPU
		{78847733-C2A4-4592-81EF-9F190439340E}.Release|Any CPU.ActiveCfg = Release|Any CPU
		{78847733-C2A4-4592-81EF-9F190439340E}.Release|Any CPU.Build.0 = Release|Any CPU
		{711B1899-6481-439D-A2DB-83E6FDC45912}.Debug|Any CPU.ActiveCfg = Debug|Any CPU
		{711B1899-6481-439D-A2DB-83E6FDC45912}.Debug|Any CPU.Build.0 = Debug|Any CPU
		{711B1899-6481-439D-A2DB-83E6FDC45912}.Release|Any CPU.ActiveCfg = Release|Any CPU
		{711B1899-6481-439D-A2DB-83E6FDC45912}.Release|Any CPU.Build.0 = Release|Any CPU
		{CDC6A3A1-3ABD-447C-A515-9719A67B215F}.Debug|Any CPU.ActiveCfg = Debug|Any CPU
		{CDC6A3A1-3ABD-447C-A515-9719A67B215F}.Debug|Any CPU.Build.0 = Debug|Any CPU
		{CDC6A3A1-3ABD-447C-A515-9719A67B215F}.Release|Any CPU.ActiveCfg = Release|Any CPU
		{CDC6A3A1-3ABD-447C-A515-9719A67B215F}.Release|Any CPU.Build.0 = Release|Any CPU
		{CEA13F69-F864-4834-9950-97BFF717D9CD}.Debug|Any CPU.ActiveCfg = Debug|Any CPU
		{CEA13F69-F864-4834-9950-97BFF717D9CD}.Debug|Any CPU.Build.0 = Debug|Any CPU
		{CEA13F69-F864-4834-9950-97BFF717D9CD}.Release|Any CPU.ActiveCfg = Release|Any CPU
		{CEA13F69-F864-4834-9950-97BFF717D9CD}.Release|Any CPU.Build.0 = Release|Any CPU
		{DF33EAEE-87C6-4F87-A906-DCA1BC606C9D}.Debug|Any CPU.ActiveCfg = Debug|Any CPU
		{DF33EAEE-87C6-4F87-A906-DCA1BC606C9D}.Debug|Any CPU.Build.0 = Debug|Any CPU
		{DF33EAEE-87C6-4F87-A906-DCA1BC606C9D}.Release|Any CPU.ActiveCfg = Release|Any CPU
		{DF33EAEE-87C6-4F87-A906-DCA1BC606C9D}.Release|Any CPU.Build.0 = Release|Any CPU
		{C214F612-3969-41BA-B7C9-5CB6C013A9B2}.Debug|Any CPU.ActiveCfg = Debug|Any CPU
		{C214F612-3969-41BA-B7C9-5CB6C013A9B2}.Debug|Any CPU.Build.0 = Debug|Any CPU
		{C214F612-3969-41BA-B7C9-5CB6C013A9B2}.Release|Any CPU.ActiveCfg = Release|Any CPU
		{C214F612-3969-41BA-B7C9-5CB6C013A9B2}.Release|Any CPU.Build.0 = Release|Any CPU
		{12EDC0D1-3C44-449E-AB2A-C7B401B0552D}.Debug|Any CPU.ActiveCfg = Debug|Any CPU
		{12EDC0D1-3C44-449E-AB2A-C7B401B0552D}.Debug|Any CPU.Build.0 = Debug|Any CPU
		{12EDC0D1-3C44-449E-AB2A-C7B401B0552D}.Release|Any CPU.ActiveCfg = Release|Any CPU
		{12EDC0D1-3C44-449E-AB2A-C7B401B0552D}.Release|Any CPU.Build.0 = Release|Any CPU
		{B8F75865-FFA5-41EF-9421-F5AF60FB8DA6}.Debug|Any CPU.ActiveCfg = Debug|Any CPU
		{B8F75865-FFA5-41EF-9421-F5AF60FB8DA6}.Debug|Any CPU.Build.0 = Debug|Any CPU
		{B8F75865-FFA5-41EF-9421-F5AF60FB8DA6}.Release|Any CPU.ActiveCfg = Release|Any CPU
		{B8F75865-FFA5-41EF-9421-F5AF60FB8DA6}.Release|Any CPU.Build.0 = Release|Any CPU
		{28BB6DBB-9248-4265-BC10-5B52BF81148A}.Debug|Any CPU.ActiveCfg = Debug|Any CPU
		{28BB6DBB-9248-4265-BC10-5B52BF81148A}.Debug|Any CPU.Build.0 = Debug|Any CPU
		{28BB6DBB-9248-4265-BC10-5B52BF81148A}.Release|Any CPU.ActiveCfg = Release|Any CPU
		{28BB6DBB-9248-4265-BC10-5B52BF81148A}.Release|Any CPU.Build.0 = Release|Any CPU
		{B172835E-51B2-4E69-A928-9354DEA64120}.Debug|Any CPU.ActiveCfg = Debug|Any CPU
		{B172835E-51B2-4E69-A928-9354DEA64120}.Debug|Any CPU.Build.0 = Debug|Any CPU
		{B172835E-51B2-4E69-A928-9354DEA64120}.Release|Any CPU.ActiveCfg = Release|Any CPU
		{B172835E-51B2-4E69-A928-9354DEA64120}.Release|Any CPU.Build.0 = Release|Any CPU
		{A25467D7-557D-472F-BE57-B768B0098F9F}.Debug|Any CPU.ActiveCfg = Debug|Any CPU
		{A25467D7-557D-472F-BE57-B768B0098F9F}.Debug|Any CPU.Build.0 = Debug|Any CPU
		{A25467D7-557D-472F-BE57-B768B0098F9F}.Release|Any CPU.ActiveCfg = Release|Any CPU
		{A25467D7-557D-472F-BE57-B768B0098F9F}.Release|Any CPU.Build.0 = Release|Any CPU
		{B0E8B164-484A-41DA-978C-F906A4C9D6AA}.Debug|Any CPU.ActiveCfg = Debug|Any CPU
		{B0E8B164-484A-41DA-978C-F906A4C9D6AA}.Debug|Any CPU.Build.0 = Debug|Any CPU
		{B0E8B164-484A-41DA-978C-F906A4C9D6AA}.Release|Any CPU.ActiveCfg = Release|Any CPU
		{B0E8B164-484A-41DA-978C-F906A4C9D6AA}.Release|Any CPU.Build.0 = Release|Any CPU
		{25DE1DD9-FC99-461E-89C3-C9DC518B3E5A}.Debug|Any CPU.ActiveCfg = Debug|Any CPU
		{25DE1DD9-FC99-461E-89C3-C9DC518B3E5A}.Debug|Any CPU.Build.0 = Debug|Any CPU
		{25DE1DD9-FC99-461E-89C3-C9DC518B3E5A}.Release|Any CPU.ActiveCfg = Release|Any CPU
		{25DE1DD9-FC99-461E-89C3-C9DC518B3E5A}.Release|Any CPU.Build.0 = Release|Any CPU
		{FB48C0B1-95CF-4535-AC8F-EA7EE6CC629E}.Debug|Any CPU.ActiveCfg = Debug|Any CPU
		{FB48C0B1-95CF-4535-AC8F-EA7EE6CC629E}.Debug|Any CPU.Build.0 = Debug|Any CPU
		{FB48C0B1-95CF-4535-AC8F-EA7EE6CC629E}.Release|Any CPU.ActiveCfg = Release|Any CPU
		{FB48C0B1-95CF-4535-AC8F-EA7EE6CC629E}.Release|Any CPU.Build.0 = Release|Any CPU
		{170F9E3D-2F5A-C6AF-F55B-46165EBB5626}.Debug|Any CPU.ActiveCfg = Debug|Any CPU
		{170F9E3D-2F5A-C6AF-F55B-46165EBB5626}.Debug|Any CPU.Build.0 = Debug|Any CPU
		{170F9E3D-2F5A-C6AF-F55B-46165EBB5626}.Release|Any CPU.ActiveCfg = Release|Any CPU
		{170F9E3D-2F5A-C6AF-F55B-46165EBB5626}.Release|Any CPU.Build.0 = Release|Any CPU
	EndGlobalSection
	GlobalSection(SolutionProperties) = preSolution
		HideSolutionNode = FALSE
	EndGlobalSection
	GlobalSection(NestedProjects) = preSolution
		{28B63062-C3B8-47C4-941D-2F107B61D138} = {AB6D4CDF-3E33-4E36-BF80-6606BDB00691}
		{F0AD0EC0-6898-444B-9DBA-66D29DFE7E74} = {BA00B884-6431-4548-ADA4-F6184937BCA3}
		{78847733-C2A4-4592-81EF-9F190439340E} = {F0AD0EC0-6898-444B-9DBA-66D29DFE7E74}
		{711B1899-6481-439D-A2DB-83E6FDC45912} = {F0AD0EC0-6898-444B-9DBA-66D29DFE7E74}
		{41418F0C-B817-4AE2-9C6B-D33C10643803} = {D1D68ABF-818C-4E79-86A0-AF3488FC3517}
		{85EC22C5-EAAB-4B1B-A286-0183678C4D55} = {D1D68ABF-818C-4E79-86A0-AF3488FC3517}
		{CDC6A3A1-3ABD-447C-A515-9719A67B215F} = {D1D68ABF-818C-4E79-86A0-AF3488FC3517}
		{CEA13F69-F864-4834-9950-97BFF717D9CD} = {41418F0C-B817-4AE2-9C6B-D33C10643803}
		{DF33EAEE-87C6-4F87-A906-DCA1BC606C9D} = {41418F0C-B817-4AE2-9C6B-D33C10643803}
		{C214F612-3969-41BA-B7C9-5CB6C013A9B2} = {41418F0C-B817-4AE2-9C6B-D33C10643803}
		{12EDC0D1-3C44-449E-AB2A-C7B401B0552D} = {41418F0C-B817-4AE2-9C6B-D33C10643803}
		{5F12CB98-82E1-426B-82E6-38B0EEAD9391} = {AB6D4CDF-3E33-4E36-BF80-6606BDB00691}
		{B8F75865-FFA5-41EF-9421-F5AF60FB8DA6} = {5F12CB98-82E1-426B-82E6-38B0EEAD9391}
		{28BB6DBB-9248-4265-BC10-5B52BF81148A} = {5927D57A-BC67-495D-BF6C-EC8117B8D5B5}
		{B172835E-51B2-4E69-A928-9354DEA64120} = {85EC22C5-EAAB-4B1B-A286-0183678C4D55}
		{A25467D7-557D-472F-BE57-B768B0098F9F} = {85EC22C5-EAAB-4B1B-A286-0183678C4D55}
		{B0E8B164-484A-41DA-978C-F906A4C9D6AA} = {BA00B884-6431-4548-ADA4-F6184937BCA3}
		{C4C03494-8479-43EF-9C8A-A8811B84D209} = {BA00B884-6431-4548-ADA4-F6184937BCA3}
		{25DE1DD9-FC99-461E-89C3-C9DC518B3E5A} = {C4C03494-8479-43EF-9C8A-A8811B84D209}
		{CD60C629-192E-4E90-9855-1A3ACF5AD08B} = {BA00B884-6431-4548-ADA4-F6184937BCA3}
		{FB48C0B1-95CF-4535-AC8F-EA7EE6CC629E} = {CD60C629-192E-4E90-9855-1A3ACF5AD08B}
		{170F9E3D-2F5A-C6AF-F55B-46165EBB5626} = {85EC22C5-EAAB-4B1B-A286-0183678C4D55}
	EndGlobalSection
	GlobalSection(ExtensibilityGlobals) = postSolution
		SolutionGuid = {A0BFD60F-FD69-49C5-A536-1D4BC610F630}
	EndGlobalSection
	GlobalSection(TeamFoundationVersionControl) = preSolution
		SccNumberOfProjects = 15
		SccEnterpriseProvider = {4CA58AB2-18FA-4F8D-95D4-32DDF27D184C}
		SccTeamFoundationServer = https://eduegate.visualstudio.com/
		SccProjectUniqueName0 = Domain\\Eduegate.Domain.Entity\\Eduegate.Domain.Entity.csproj
		SccProjectTopLevelParentUniqueName0 = Eduegate.RecruitmentPortal.sln
		SccProjectName0 = Domain/Eduegate.Domain.Entity
		SccAuxPath0 = https://eduegate.visualstudio.com
		SccLocalPath0 = Domain\\Eduegate.Domain.Entity
		SccProvider0 = {4CA58AB2-18FA-4F8D-95D4-32DDF27D184C}
		SccProjectUniqueName1 = Domain\\Eduegate.Domain.Entity.IoC.PublicApi\\Eduegate.Domain.Entity.IoC.PublicApi.csproj
		SccProjectTopLevelParentUniqueName1 = Eduegate.RecruitmentPortal.sln
		SccProjectName1 = Domain/Eduegate.Domain.Entity.IoC.PublicApi
		SccAuxPath1 = https://eduegate.visualstudio.com
		SccLocalPath1 = Domain\\Eduegate.Domain.Entity.IoC.PublicApi
		SccProvider1 = {4CA58AB2-18FA-4F8D-95D4-32DDF27D184C}
		SccProjectUniqueName2 = Services\\Eduegate.Services\\Eduegate.Services.csproj
		SccProjectTopLevelParentUniqueName2 = Eduegate.RecruitmentPortal.sln
		SccProjectName2 = Services/Eduegate.Services
		SccAuxPath2 = https://eduegate.visualstudio.com
		SccLocalPath2 = Services\\Eduegate.Services
		SccProvider2 = {4CA58AB2-18FA-4F8D-95D4-32DDF27D184C}
		SccProjectUniqueName3 = Services\\Eduegate.Hub.Client\\Eduegate.Hub.Client.csproj
		SccProjectTopLevelParentUniqueName3 = Eduegate.RecruitmentPortal.sln
		SccProjectName3 = Services/Eduegate.Hub.Client
		SccAuxPath3 = https://eduegate.visualstudio.com
		SccLocalPath3 = Services\\Eduegate.Hub.Client
		SccProvider3 = {4CA58AB2-18FA-4F8D-95D4-32DDF27D184C}
		SccProjectUniqueName4 = Services\\Eduegate.Services.Client\\Eduegate.Services.Client.csproj
		SccProjectTopLevelParentUniqueName4 = Eduegate.RecruitmentPortal.sln
		SccProjectName4 = Services/Eduegate.Services.Client
		SccAuxPath4 = https://eduegate.visualstudio.com
		SccLocalPath4 = Services\\Eduegate.Services.Client
		SccProvider4 = {4CA58AB2-18FA-4F8D-95D4-32DDF27D184C}
		SccProjectUniqueName5 = Services\\Eduegate.Services.Client.Direct\\Eduegate.Services.Client.Direct.csproj
		SccProjectTopLevelParentUniqueName5 = Eduegate.RecruitmentPortal.sln
		SccProjectName5 = Services/Eduegate.Services.Client.Direct
		SccAuxPath5 = https://eduegate.visualstudio.com
		SccLocalPath5 = Services\\Eduegate.Services.Client.Direct
		SccProvider5 = {4CA58AB2-18FA-4F8D-95D4-32DDF27D184C}
		SccProjectUniqueName6 = Services\\Eduegate.Services.Client.ClientFactory\\Eduegate.Services.Client.Factory.csproj
		SccProjectTopLevelParentUniqueName6 = Eduegate.RecruitmentPortal.sln
		SccProjectName6 = Services/Eduegate.Services.Client.ClientFactory
		SccAuxPath6 = https://eduegate.visualstudio.com
		SccLocalPath6 = Services\\Eduegate.Services.Client.ClientFactory
		SccProvider6 = {4CA58AB2-18FA-4F8D-95D4-32DDF27D184C}
		SccProjectUniqueName7 = Presentation\\Eduegate.Web.Library\\Eduegate.Web.Library.csproj
		SccProjectTopLevelParentUniqueName7 = Eduegate.RecruitmentPortal.sln
		SccProjectName7 = Presentation/Eduegate.Web.Library
		SccAuxPath7 = https://eduegate.visualstudio.com
		SccLocalPath7 = Presentation\\Eduegate.Web.Library
		SccProvider7 = {4CA58AB2-18FA-4F8D-95D4-32DDF27D184C}
		SccProjectUniqueName8 = Application\\Eduegate.Application.Mvc\\Eduegate.Application.Mvc.csproj
		SccProjectTopLevelParentUniqueName8 = Eduegate.RecruitmentPortal.sln
		SccProjectName8 = Application/Eduegate.Application.Mvc
		SccAuxPath8 = https://eduegate.visualstudio.com
		SccLocalPath8 = Application\\Eduegate.Application.Mvc
		SccProvider8 = {4CA58AB2-18FA-4F8D-95D4-32DDF27D184C}
		SccProjectUniqueName9 = Services\\Eduegate.Services.Contracts\\Eduegate.Services.Contracts.csproj
		SccProjectTopLevelParentUniqueName9 = Eduegate.RecruitmentPortal.sln
		SccProjectName9 = Services/Eduegate.Services.Contracts
		SccAuxPath9 = https://eduegate.visualstudio.com
		SccLocalPath9 = Services\\Eduegate.Services.Contracts
		SccProvider9 = {4CA58AB2-18FA-4F8D-95D4-32DDF27D184C}
		SccProjectUniqueName10 = Services\\Eduegate.Services.Contracts.Contents\\Eduegate.Services.Contracts.Contents.csproj
		SccProjectTopLevelParentUniqueName10 = Eduegate.RecruitmentPortal.sln
		SccProjectName10 = Services/Eduegate.Services.Contracts.Contents
		SccAuxPath10 = https://eduegate.visualstudio.com
		SccLocalPath10 = Services\\Eduegate.Services.Contracts.Contents
		SccProvider10 = {4CA58AB2-18FA-4F8D-95D4-32DDF27D184C}
		SccProjectUniqueName11 = Domain\\Eduegate.Domain\\Eduegate.Domain.csproj
		SccProjectTopLevelParentUniqueName11 = Eduegate.RecruitmentPortal.sln
		SccProjectName11 = Domain/Eduegate.Domain
		SccAuxPath11 = https://eduegate.visualstudio.com
		SccLocalPath11 = Domain\\Eduegate.Domain
		SccProvider11 = {4CA58AB2-18FA-4F8D-95D4-32DDF27D184C}
		SccProjectUniqueName12 = Domain\\Eduegate.Domain.Repository\\Eduegate.Domain.Repository.csproj
		SccProjectTopLevelParentUniqueName12 = Eduegate.RecruitmentPortal.sln
		SccProjectName12 = Domain/Eduegate.Domain.Repository
		SccAuxPath12 = https://eduegate.visualstudio.com
		SccLocalPath12 = Domain\\Eduegate.Domain.Repository
		SccProvider12 = {4CA58AB2-18FA-4F8D-95D4-32DDF27D184C}
		SccProjectUniqueName13 = Domain\\Eduegate.Domain.Mappers.HR\\Eduegate.Domain.Mappers.HR.csproj
		SccProjectTopLevelParentUniqueName13 = Eduegate.RecruitmentPortal.sln
		SccProjectName13 = Domain/Eduegate.Domain.Mappers.HR
		SccAuxPath13 = https://eduegate.visualstudio.com
		SccLocalPath13 = Domain\\Eduegate.Domain.Mappers.HR
		SccProvider13 = {4CA58AB2-18FA-4F8D-95D4-32DDF27D184C}
		SccProjectUniqueName14 = Services\\Eduegate.Services.Contracts.HR\\Eduegate.Services.Contracts.HR.csproj
		SccProjectTopLevelParentUniqueName14 = Eduegate.RecruitmentPortal.sln
		SccProjectName14 = Services/Eduegate.Services.Contracts.HR
		SccAuxPath14 = https://eduegate.visualstudio.com
		SccLocalPath14 = Services\\Eduegate.Services.Contracts.HR
		SccProvider14 = {4CA58AB2-18FA-4F8D-95D4-32DDF27D184C}
	EndGlobalSection
EndGlobal
