
Microsoft Visual Studio Solution File, Format Version 12.00
# Visual Studio Version 17
VisualStudioVersion = 17.11.35327.3
MinimumVisualStudioVersion = 10.0.40219.1
Project("{2150E333-8FDC-42A3-9474-1A3956D46DE8}") = "01 Presentation", "01 Presentation", "{A3CAB9D9-105A-4C18-952A-981627404068}"
EndProject
Project("{2150E333-8FDC-42A3-9474-1A3956D46DE8}") = "02 Services", "02 Services", "{8E341743-BA64-464A-B92B-1FB710D2BD04}"
EndProject
Project("{2150E333-8FDC-42A3-9474-1A3956D46DE8}") = "03 Domain", "03 Domain", "{6CEA981E-BA04-49A9-B874-03CCB0929BE8}"
EndProject
Project("{2150E333-8FDC-42A3-9474-1A3956D46DE8}") = "Client", "Client", "{019BF511-E3DD-409A-92ED-D1A0DB3F5C4E}"
EndProject
Project("{2150E333-8FDC-42A3-9474-1A3956D46DE8}") = "Contracts", "Contracts", "{724A9A4E-08EB-4ED1-82AB-EDB5326B35E4}"
EndProject
Project("{2150E333-8FDC-42A3-9474-1A3956D46DE8}") = "ViewModels", "ViewModels", "{F39ECA6D-218B-44AB-8A66-6FA24B4D1E81}"
EndProject
Project("{2150E333-8FDC-42A3-9474-1A3956D46DE8}") = "04 Infrastructure", "04 Infrastructure", "{BC9DF77B-AAC1-42DD-90BC-48FF116004B8}"
EndProject
Project("{2150E333-8FDC-42A3-9474-1A3956D46DE8}") = "06 Application", "06 Application", "{45FC2977-DB94-41AF-B4A2-AA5CF559589C}"
EndProject
Project("{2150E333-8FDC-42A3-9474-1A3956D46DE8}") = "Integrations", "Integrations", "{67762373-A5CC-485D-81B6-B059860FAD14}"
EndProject
Project("{9A19103F-16F7-4668-BE54-9A1E7A4F7556}") = "Esuegate.LMS.Portal", "Presentation\Esuegate.LMS.Portal\Esuegate.LMS.Portal.csproj", "{2691A712-3B28-4EEF-AA98-73D18C59ED5C}"
EndProject
Project("{9A19103F-16F7-4668-BE54-9A1E7A4F7556}") = "Eduegate.Domain", "Domain\Eduegate.Domain\Eduegate.Domain.csproj", "{74E35F52-4C41-41C3-826C-BA228112C858}"
EndProject
Project("{9A19103F-16F7-4668-BE54-9A1E7A4F7556}") = "Eduegate.Domain.Report", "Domain\Eduegate.Domain.Report\Eduegate.Domain.Report.csproj", "{D12B1E74-E81C-4D01-B33C-1F1B0F8B46CC}"
EndProject
Project("{9A19103F-16F7-4668-BE54-9A1E7A4F7556}") = "Eduegate.Application.Mvc", "Application\Eduegate.Application.Mvc\Eduegate.Application.Mvc.csproj", "{C6067933-87A7-4CCC-999F-3E47FE167DEC}"
EndProject
Project("{9A19103F-16F7-4668-BE54-9A1E7A4F7556}") = "Eduegate.Integrations.Engine.Helper", "Integrations\Eduegate.Integrations.Engine.Helper\Eduegate.Integrations.Engine.Helper.csproj", "{968A8F94-310C-4B72-9D78-F2505D2C3B1B}"
EndProject
Project("{9A19103F-16F7-4668-BE54-9A1E7A4F7556}") = "Eduegate.Infrastructure", "Infrastructure\Eduegate.Infrastructure\Eduegate.Infrastructure.csproj", "{F5EEBEA0-F1D3-4EFE-A8F5-F9A194EF3999}"
EndProject
Project("{9A19103F-16F7-4668-BE54-9A1E7A4F7556}") = "Eduegate.Services", "Services\Eduegate.Services\Eduegate.Services.csproj", "{45A55DDE-6461-4216-B862-3222683598B9}"
EndProject
Project("{9A19103F-16F7-4668-BE54-9A1E7A4F7556}") = "Eduegate.Hub.Client", "Services\Eduegate.Hub.Client\Eduegate.Hub.Client.csproj", "{5B3A13AC-C2DC-452D-A176-FC3E0445D5C6}"
EndProject
Project("{9A19103F-16F7-4668-BE54-9A1E7A4F7556}") = "Eduegate.Services.Client", "Services\Eduegate.Services.Client\Eduegate.Services.Client.csproj", "{D909F90B-1A1E-47F5-A6BD-6B079EE48C93}"
EndProject
Project("{9A19103F-16F7-4668-BE54-9A1E7A4F7556}") = "Eduegate.Services.Client.Direct", "Services\Eduegate.Services.Client.Direct\Eduegate.Services.Client.Direct.csproj", "{B66A00D3-B0BA-4028-BD51-AA8A87FE9C05}"
EndProject
Project("{9A19103F-16F7-4668-BE54-9A1E7A4F7556}") = "Eduegate.Services.Client.Factory", "Services\Eduegate.Services.Client.ClientFactory\Eduegate.Services.Client.Factory.csproj", "{815FDF26-0523-486A-8F7A-6CC86A809F1F}"
EndProject
Project("{9A19103F-16F7-4668-BE54-9A1E7A4F7556}") = "Eduegate.Services.Contracts", "Services\Eduegate.Services.Contracts\Eduegate.Services.Contracts.csproj", "{E3D5891E-4367-4DCC-BC69-E03C48363A2B}"
EndProject
Project("{9A19103F-16F7-4668-BE54-9A1E7A4F7556}") = "Eduegate.Services.Contracts.Contents", "Services\Eduegate.Services.Contracts.Contents\Eduegate.Services.Contracts.Contents.csproj", "{5A5186F4-6F82-4664-A76B-79043277B7C9}"
EndProject
Project("{9A19103F-16F7-4668-BE54-9A1E7A4F7556}") = "Eduegate.Web.Library", "Presentation\Eduegate.Web.Library\Eduegate.Web.Library.csproj", "{E4334822-AA19-417E-B7FA-EBCCD48B4FE4}"
EndProject
Project("{9A19103F-16F7-4668-BE54-9A1E7A4F7556}") = "Eduegate.Web.Library.Signup", "Presentation\Eduegate.Web.Library.Signup\Eduegate.Web.Library.Signup.csproj", "{E73388FD-1802-49E3-B348-A916367F702E}"
EndProject
Project("{9A19103F-16F7-4668-BE54-9A1E7A4F7556}") = "Eduegate.Web.Library.Common", "Presentation\Eduegate.Web.Library.Common\Eduegate.Web.Library.Common.csproj", "{AE07E908-01CB-4938-B57A-1ED75EB78396}"
EndProject
Project("{2150E333-8FDC-42A3-9474-1A3956D46DE8}") = "Entity", "Entity", "{E25D6F62-9FFE-4272-B8C2-C2DFA080063A}"
EndProject
Project("{9A19103F-16F7-4668-BE54-9A1E7A4F7556}") = "Eduegate.Domain.Entity.IoC.PublicApi", "Domain\Eduegate.Domain.Entity.IoC.PublicApi\Eduegate.Domain.Entity.IoC.PublicApi.csproj", "{25C9400E-47FE-4B85-9F4E-16E3117A2EC3}"
EndProject
Global
	GlobalSection(SolutionConfigurationPlatforms) = preSolution
		Debug|Any CPU = Debug|Any CPU
		Release|Any CPU = Release|Any CPU
	EndGlobalSection
	GlobalSection(ProjectConfigurationPlatforms) = postSolution
		{2691A712-3B28-4EEF-AA98-73D18C59ED5C}.Debug|Any CPU.ActiveCfg = Debug|Any CPU
		{2691A712-3B28-4EEF-AA98-73D18C59ED5C}.Debug|Any CPU.Build.0 = Debug|Any CPU
		{2691A712-3B28-4EEF-AA98-73D18C59ED5C}.Release|Any CPU.ActiveCfg = Release|Any CPU
		{2691A712-3B28-4EEF-AA98-73D18C59ED5C}.Release|Any CPU.Build.0 = Release|Any CPU
		{74E35F52-4C41-41C3-826C-BA228112C858}.Debug|Any CPU.ActiveCfg = Debug|Any CPU
		{74E35F52-4C41-41C3-826C-BA228112C858}.Debug|Any CPU.Build.0 = Debug|Any CPU
		{74E35F52-4C41-41C3-826C-BA228112C858}.Release|Any CPU.ActiveCfg = Release|Any CPU
		{74E35F52-4C41-41C3-826C-BA228112C858}.Release|Any CPU.Build.0 = Release|Any CPU
		{D12B1E74-E81C-4D01-B33C-1F1B0F8B46CC}.Debug|Any CPU.ActiveCfg = Debug|Any CPU
		{D12B1E74-E81C-4D01-B33C-1F1B0F8B46CC}.Debug|Any CPU.Build.0 = Debug|Any CPU
		{D12B1E74-E81C-4D01-B33C-1F1B0F8B46CC}.Release|Any CPU.ActiveCfg = Release|Any CPU
		{D12B1E74-E81C-4D01-B33C-1F1B0F8B46CC}.Release|Any CPU.Build.0 = Release|Any CPU
		{C6067933-87A7-4CCC-999F-3E47FE167DEC}.Debug|Any CPU.ActiveCfg = Debug|Any CPU
		{C6067933-87A7-4CCC-999F-3E47FE167DEC}.Debug|Any CPU.Build.0 = Debug|Any CPU
		{C6067933-87A7-4CCC-999F-3E47FE167DEC}.Release|Any CPU.ActiveCfg = Release|Any CPU
		{C6067933-87A7-4CCC-999F-3E47FE167DEC}.Release|Any CPU.Build.0 = Release|Any CPU
		{968A8F94-310C-4B72-9D78-F2505D2C3B1B}.Debug|Any CPU.ActiveCfg = Debug|Any CPU
		{968A8F94-310C-4B72-9D78-F2505D2C3B1B}.Debug|Any CPU.Build.0 = Debug|Any CPU
		{968A8F94-310C-4B72-9D78-F2505D2C3B1B}.Release|Any CPU.ActiveCfg = Release|Any CPU
		{968A8F94-310C-4B72-9D78-F2505D2C3B1B}.Release|Any CPU.Build.0 = Release|Any CPU
		{F5EEBEA0-F1D3-4EFE-A8F5-F9A194EF3999}.Debug|Any CPU.ActiveCfg = Debug|Any CPU
		{F5EEBEA0-F1D3-4EFE-A8F5-F9A194EF3999}.Debug|Any CPU.Build.0 = Debug|Any CPU
		{F5EEBEA0-F1D3-4EFE-A8F5-F9A194EF3999}.Release|Any CPU.ActiveCfg = Release|Any CPU
		{F5EEBEA0-F1D3-4EFE-A8F5-F9A194EF3999}.Release|Any CPU.Build.0 = Release|Any CPU
		{45A55DDE-6461-4216-B862-3222683598B9}.Debug|Any CPU.ActiveCfg = Debug|Any CPU
		{45A55DDE-6461-4216-B862-3222683598B9}.Debug|Any CPU.Build.0 = Debug|Any CPU
		{45A55DDE-6461-4216-B862-3222683598B9}.Release|Any CPU.ActiveCfg = Release|Any CPU
		{45A55DDE-6461-4216-B862-3222683598B9}.Release|Any CPU.Build.0 = Release|Any CPU
		{5B3A13AC-C2DC-452D-A176-FC3E0445D5C6}.Debug|Any CPU.ActiveCfg = Debug|Any CPU
		{5B3A13AC-C2DC-452D-A176-FC3E0445D5C6}.Debug|Any CPU.Build.0 = Debug|Any CPU
		{5B3A13AC-C2DC-452D-A176-FC3E0445D5C6}.Release|Any CPU.ActiveCfg = Release|Any CPU
		{5B3A13AC-C2DC-452D-A176-FC3E0445D5C6}.Release|Any CPU.Build.0 = Release|Any CPU
		{D909F90B-1A1E-47F5-A6BD-6B079EE48C93}.Debug|Any CPU.ActiveCfg = Debug|Any CPU
		{D909F90B-1A1E-47F5-A6BD-6B079EE48C93}.Debug|Any CPU.Build.0 = Debug|Any CPU
		{D909F90B-1A1E-47F5-A6BD-6B079EE48C93}.Release|Any CPU.ActiveCfg = Release|Any CPU
		{D909F90B-1A1E-47F5-A6BD-6B079EE48C93}.Release|Any CPU.Build.0 = Release|Any CPU
		{B66A00D3-B0BA-4028-BD51-AA8A87FE9C05}.Debug|Any CPU.ActiveCfg = Debug|Any CPU
		{B66A00D3-B0BA-4028-BD51-AA8A87FE9C05}.Debug|Any CPU.Build.0 = Debug|Any CPU
		{B66A00D3-B0BA-4028-BD51-AA8A87FE9C05}.Release|Any CPU.ActiveCfg = Release|Any CPU
		{B66A00D3-B0BA-4028-BD51-AA8A87FE9C05}.Release|Any CPU.Build.0 = Release|Any CPU
		{815FDF26-0523-486A-8F7A-6CC86A809F1F}.Debug|Any CPU.ActiveCfg = Debug|Any CPU
		{815FDF26-0523-486A-8F7A-6CC86A809F1F}.Debug|Any CPU.Build.0 = Debug|Any CPU
		{815FDF26-0523-486A-8F7A-6CC86A809F1F}.Release|Any CPU.ActiveCfg = Release|Any CPU
		{815FDF26-0523-486A-8F7A-6CC86A809F1F}.Release|Any CPU.Build.0 = Release|Any CPU
		{E3D5891E-4367-4DCC-BC69-E03C48363A2B}.Debug|Any CPU.ActiveCfg = Debug|Any CPU
		{E3D5891E-4367-4DCC-BC69-E03C48363A2B}.Debug|Any CPU.Build.0 = Debug|Any CPU
		{E3D5891E-4367-4DCC-BC69-E03C48363A2B}.Release|Any CPU.ActiveCfg = Release|Any CPU
		{E3D5891E-4367-4DCC-BC69-E03C48363A2B}.Release|Any CPU.Build.0 = Release|Any CPU
		{5A5186F4-6F82-4664-A76B-79043277B7C9}.Debug|Any CPU.ActiveCfg = Debug|Any CPU
		{5A5186F4-6F82-4664-A76B-79043277B7C9}.Debug|Any CPU.Build.0 = Debug|Any CPU
		{5A5186F4-6F82-4664-A76B-79043277B7C9}.Release|Any CPU.ActiveCfg = Release|Any CPU
		{5A5186F4-6F82-4664-A76B-79043277B7C9}.Release|Any CPU.Build.0 = Release|Any CPU
		{E4334822-AA19-417E-B7FA-EBCCD48B4FE4}.Debug|Any CPU.ActiveCfg = Debug|Any CPU
		{E4334822-AA19-417E-B7FA-EBCCD48B4FE4}.Debug|Any CPU.Build.0 = Debug|Any CPU
		{E4334822-AA19-417E-B7FA-EBCCD48B4FE4}.Release|Any CPU.ActiveCfg = Release|Any CPU
		{E4334822-AA19-417E-B7FA-EBCCD48B4FE4}.Release|Any CPU.Build.0 = Release|Any CPU
		{E73388FD-1802-49E3-B348-A916367F702E}.Debug|Any CPU.ActiveCfg = Debug|Any CPU
		{E73388FD-1802-49E3-B348-A916367F702E}.Debug|Any CPU.Build.0 = Debug|Any CPU
		{E73388FD-1802-49E3-B348-A916367F702E}.Release|Any CPU.ActiveCfg = Release|Any CPU
		{E73388FD-1802-49E3-B348-A916367F702E}.Release|Any CPU.Build.0 = Release|Any CPU
		{AE07E908-01CB-4938-B57A-1ED75EB78396}.Debug|Any CPU.ActiveCfg = Debug|Any CPU
		{AE07E908-01CB-4938-B57A-1ED75EB78396}.Debug|Any CPU.Build.0 = Debug|Any CPU
		{AE07E908-01CB-4938-B57A-1ED75EB78396}.Release|Any CPU.ActiveCfg = Release|Any CPU
		{AE07E908-01CB-4938-B57A-1ED75EB78396}.Release|Any CPU.Build.0 = Release|Any CPU
		{25C9400E-47FE-4B85-9F4E-16E3117A2EC3}.Debug|Any CPU.ActiveCfg = Debug|Any CPU
		{25C9400E-47FE-4B85-9F4E-16E3117A2EC3}.Debug|Any CPU.Build.0 = Debug|Any CPU
		{25C9400E-47FE-4B85-9F4E-16E3117A2EC3}.Release|Any CPU.ActiveCfg = Release|Any CPU
		{25C9400E-47FE-4B85-9F4E-16E3117A2EC3}.Release|Any CPU.Build.0 = Release|Any CPU
	EndGlobalSection
	GlobalSection(SolutionProperties) = preSolution
		HideSolutionNode = FALSE
	EndGlobalSection
	GlobalSection(NestedProjects) = preSolution
		{019BF511-E3DD-409A-92ED-D1A0DB3F5C4E} = {8E341743-BA64-464A-B92B-1FB710D2BD04}
		{724A9A4E-08EB-4ED1-82AB-EDB5326B35E4} = {8E341743-BA64-464A-B92B-1FB710D2BD04}
		{F39ECA6D-218B-44AB-8A66-6FA24B4D1E81} = {A3CAB9D9-105A-4C18-952A-981627404068}
		{2691A712-3B28-4EEF-AA98-73D18C59ED5C} = {A3CAB9D9-105A-4C18-952A-981627404068}
		{74E35F52-4C41-41C3-826C-BA228112C858} = {6CEA981E-BA04-49A9-B874-03CCB0929BE8}
		{D12B1E74-E81C-4D01-B33C-1F1B0F8B46CC} = {6CEA981E-BA04-49A9-B874-03CCB0929BE8}
		{C6067933-87A7-4CCC-999F-3E47FE167DEC} = {45FC2977-DB94-41AF-B4A2-AA5CF559589C}
		{968A8F94-310C-4B72-9D78-F2505D2C3B1B} = {67762373-A5CC-485D-81B6-B059860FAD14}
		{F5EEBEA0-F1D3-4EFE-A8F5-F9A194EF3999} = {BC9DF77B-AAC1-42DD-90BC-48FF116004B8}
		{45A55DDE-6461-4216-B862-3222683598B9} = {8E341743-BA64-464A-B92B-1FB710D2BD04}
		{5B3A13AC-C2DC-452D-A176-FC3E0445D5C6} = {019BF511-E3DD-409A-92ED-D1A0DB3F5C4E}
		{D909F90B-1A1E-47F5-A6BD-6B079EE48C93} = {019BF511-E3DD-409A-92ED-D1A0DB3F5C4E}
		{B66A00D3-B0BA-4028-BD51-AA8A87FE9C05} = {019BF511-E3DD-409A-92ED-D1A0DB3F5C4E}
		{815FDF26-0523-486A-8F7A-6CC86A809F1F} = {019BF511-E3DD-409A-92ED-D1A0DB3F5C4E}
		{E3D5891E-4367-4DCC-BC69-E03C48363A2B} = {724A9A4E-08EB-4ED1-82AB-EDB5326B35E4}
		{5A5186F4-6F82-4664-A76B-79043277B7C9} = {724A9A4E-08EB-4ED1-82AB-EDB5326B35E4}
		{E4334822-AA19-417E-B7FA-EBCCD48B4FE4} = {F39ECA6D-218B-44AB-8A66-6FA24B4D1E81}
		{E73388FD-1802-49E3-B348-A916367F702E} = {F39ECA6D-218B-44AB-8A66-6FA24B4D1E81}
		{AE07E908-01CB-4938-B57A-1ED75EB78396} = {F39ECA6D-218B-44AB-8A66-6FA24B4D1E81}
		{E25D6F62-9FFE-4272-B8C2-C2DFA080063A} = {6CEA981E-BA04-49A9-B874-03CCB0929BE8}
		{25C9400E-47FE-4B85-9F4E-16E3117A2EC3} = {E25D6F62-9FFE-4272-B8C2-C2DFA080063A}
	EndGlobalSection
	GlobalSection(ExtensibilityGlobals) = postSolution
		SolutionGuid = {BEB124F4-FDC0-451A-8F2E-D4E5F68A2AD5}
	EndGlobalSection
	GlobalSection(TeamFoundationVersionControl) = preSolution
		SccNumberOfProjects = 18
		SccEnterpriseProvider = {4CA58AB2-18FA-4F8D-95D4-32DDF27D184C}
		SccTeamFoundationServer = https://eduegate.visualstudio.com/
		SccLocalPath0 = .
		SccProjectUniqueName1 = Presentation\\Esuegate.LMS.Portal\\Esuegate.LMS.Portal.csproj
		SccProjectTopLevelParentUniqueName1 = Eduegate.LMS.Portal.sln
		SccProjectName1 = Presentation/Esuegate.LMS.Portal
		SccLocalPath1 = Presentation\\Esuegate.LMS.Portal
		SccProjectUniqueName2 = Domain\\Eduegate.Domain\\Eduegate.Domain.csproj
		SccProjectTopLevelParentUniqueName2 = Eduegate.LMS.Portal.sln
		SccProjectName2 = Domain/Eduegate.Domain
		SccLocalPath2 = Domain\\Eduegate.Domain
		SccProjectUniqueName3 = Domain\\Eduegate.Domain.Report\\Eduegate.Domain.Report.csproj
		SccProjectTopLevelParentUniqueName3 = Eduegate.LMS.Portal.sln
		SccProjectName3 = Domain/Eduegate.Domain.Report
		SccLocalPath3 = Domain\\Eduegate.Domain.Report
		SccProjectUniqueName4 = Application\\Eduegate.Application.Mvc\\Eduegate.Application.Mvc.csproj
		SccProjectTopLevelParentUniqueName4 = Eduegate.LMS.Portal.sln
		SccProjectName4 = Application/Eduegate.Application.Mvc
		SccLocalPath4 = Application\\Eduegate.Application.Mvc
		SccProjectUniqueName5 = Integrations\\Eduegate.Integrations.Engine.Helper\\Eduegate.Integrations.Engine.Helper.csproj
		SccProjectTopLevelParentUniqueName5 = Eduegate.LMS.Portal.sln
		SccProjectName5 = Integrations/Eduegate.Integrations.Engine.Helper
		SccLocalPath5 = Integrations\\Eduegate.Integrations.Engine.Helper
		SccProjectUniqueName6 = Infrastructure\\Eduegate.Infrastructure\\Eduegate.Infrastructure.csproj
		SccProjectTopLevelParentUniqueName6 = Eduegate.LMS.Portal.sln
		SccProjectName6 = Infrastructure/Eduegate.Infrastructure
		SccLocalPath6 = Infrastructure\\Eduegate.Infrastructure
		SccProjectUniqueName7 = Services\\Eduegate.Services\\Eduegate.Services.csproj
		SccProjectTopLevelParentUniqueName7 = Eduegate.LMS.Portal.sln
		SccProjectName7 = Services/Eduegate.Services
		SccLocalPath7 = Services\\Eduegate.Services
		SccProjectUniqueName8 = Services\\Eduegate.Hub.Client\\Eduegate.Hub.Client.csproj
		SccProjectTopLevelParentUniqueName8 = Eduegate.LMS.Portal.sln
		SccProjectName8 = Services/Eduegate.Hub.Client
		SccLocalPath8 = Services\\Eduegate.Hub.Client
		SccProjectUniqueName9 = Services\\Eduegate.Services.Client\\Eduegate.Services.Client.csproj
		SccProjectTopLevelParentUniqueName9 = Eduegate.LMS.Portal.sln
		SccProjectName9 = Services/Eduegate.Services.Client
		SccLocalPath9 = Services\\Eduegate.Services.Client
		SccProjectUniqueName10 = Services\\Eduegate.Services.Client.Direct\\Eduegate.Services.Client.Direct.csproj
		SccProjectTopLevelParentUniqueName10 = Eduegate.LMS.Portal.sln
		SccProjectName10 = Services/Eduegate.Services.Client.Direct
		SccLocalPath10 = Services\\Eduegate.Services.Client.Direct
		SccProjectUniqueName11 = Services\\Eduegate.Services.Client.ClientFactory\\Eduegate.Services.Client.Factory.csproj
		SccProjectTopLevelParentUniqueName11 = Eduegate.LMS.Portal.sln
		SccProjectName11 = Services/Eduegate.Services.Client.ClientFactory
		SccLocalPath11 = Services\\Eduegate.Services.Client.ClientFactory
		SccProjectUniqueName12 = Services\\Eduegate.Services.Contracts\\Eduegate.Services.Contracts.csproj
		SccProjectTopLevelParentUniqueName12 = Eduegate.LMS.Portal.sln
		SccProjectName12 = Services/Eduegate.Services.Contracts
		SccLocalPath12 = Services\\Eduegate.Services.Contracts
		SccProjectUniqueName13 = Services\\Eduegate.Services.Contracts.Contents\\Eduegate.Services.Contracts.Contents.csproj
		SccProjectTopLevelParentUniqueName13 = Eduegate.LMS.Portal.sln
		SccProjectName13 = Services/Eduegate.Services.Contracts.Contents
		SccLocalPath13 = Services\\Eduegate.Services.Contracts.Contents
		SccProjectUniqueName14 = Presentation\\Eduegate.Web.Library\\Eduegate.Web.Library.csproj
		SccProjectTopLevelParentUniqueName14 = Eduegate.LMS.Portal.sln
		SccProjectName14 = Presentation/Eduegate.Web.Library
		SccLocalPath14 = Presentation\\Eduegate.Web.Library
		SccProjectUniqueName15 = Presentation\\Eduegate.Web.Library.Signup\\Eduegate.Web.Library.Signup.csproj
		SccProjectTopLevelParentUniqueName15 = Eduegate.LMS.Portal.sln
		SccProjectName15 = Presentation/Eduegate.Web.Library.Signup
		SccLocalPath15 = Presentation\\Eduegate.Web.Library.Signup
		SccProjectUniqueName16 = Presentation\\Eduegate.Web.Library.Common\\Eduegate.Web.Library.Common.csproj
		SccProjectTopLevelParentUniqueName16 = Eduegate.LMS.Portal.sln
		SccProjectName16 = Presentation/Eduegate.Web.Library.Common
		SccLocalPath16 = Presentation\\Eduegate.Web.Library.Common
		SccProjectUniqueName17 = Domain\\Eduegate.Domain.Entity.IoC.PublicApi\\Eduegate.Domain.Entity.IoC.PublicApi.csproj
		SccProjectTopLevelParentUniqueName17 = Eduegate.LMS.Portal.sln
		SccProjectName17 = Domain/Eduegate.Domain.Entity.IoC.PublicApi
		SccLocalPath17 = Domain\\Eduegate.Domain.Entity.IoC.PublicApi
	EndGlobalSection
EndGlobal
