
Microsoft Visual Studio Solution File, Format Version 12.00
# Visual Studio Version 16
VisualStudioVersion = 16.0.31321.278
MinimumVisualStudioVersion = 10.0.40219.1
Project("{9A19103F-16F7-4668-BE54-9A1E7A4F7556}") = "Eduegate.Integrations", "Integrations\Eduegate.Integrations\Eduegate.Integrations.csproj", "{786B43C1-3BEB-48DC-9B26-059411487CF6}"
EndProject
Project("{2150E333-8FDC-42A3-9474-1A3956D46DE8}") = "Adapters", "Adapters", "{5C67285E-B712-4362-9E82-FBDB2C2992D9}"
EndProject
Project("{9A19103F-16F7-4668-BE54-9A1E7A4F7556}") = "Eduegate.Integrations.Adapters.BMS", "Integrations\Eduegate.Integrations.Adapters.BMS\Eduegate.Integrations.Adapters.BMS.csproj", "{233F1351-4C89-4C10-AA35-AE9FB90A3C33}"
EndProject
Project("{9A19103F-16F7-4668-BE54-9A1E7A4F7556}") = "Eduegate.Integrations.Engine", "Integrations\Eduegate.Integrations.Engine\Eduegate.Integrations.Engine.csproj", "{74BA676D-5DFF-4573-96AE-3028FE993210}"
EndProject
Project("{2150E333-8FDC-42A3-9474-1A3956D46DE8}") = "Helpers", "Helpers", "{6356C1C2-B39E-426F-8BBD-FFA0FFBFA5FD}"
EndProject
Project("{FAE04EC0-301F-11D3-BF4B-00C04F79EFBC}") = "Eduegate.Services.Contracts.School", "Services\Eduegate.Services.Contracts.School\Eduegate.Services.Contracts.School.csproj", "{3CBFEB1A-8383-4AB1-A2E8-F91096A87446}"
EndProject
Project("{9A19103F-16F7-4668-BE54-9A1E7A4F7556}") = "Eduegate.Integrations.Engine.DbContexts", "Integrations\Eduegate.Integrations.Engine.DbContext\Eduegate.Integrations.Engine.DbContexts.csproj", "{485B4A8B-A67E-4303-846F-7208A3166A38}"
EndProject
Project("{9A19103F-16F7-4668-BE54-9A1E7A4F7556}") = "Eduegate.Integrations.Factory", "Integrations\Eduegate.Integrations.Factory\Eduegate.Integrations.Factory.csproj", "{55B5B07E-9373-4533-A5F4-46BC7F4B5F11}"
EndProject
Project("{9A19103F-16F7-4668-BE54-9A1E7A4F7556}") = "Eduegate.Integrations.Engine.Helper", "Integrations\Eduegate.Integrations.Engine.Helper\Eduegate.Integrations.Engine.Helper.csproj", "{08279C8B-96FE-4AC1-B3A4-4E009D847841}"
EndProject
Project("{FAE04EC0-301F-11D3-BF4B-00C04F79EFBC}") = "Eduegate.Domain.Mappers.School", "Domain\Eduegate.Domain.Mappers.School\Eduegate.Domain.Mappers.School.csproj", "{093842E5-49A8-4A05-A920-1C5C4B99E171}"
EndProject
Project("{FAE04EC0-301F-11D3-BF4B-00C04F79EFBC}") = "Eduegate.Domain", "Domain\Eduegate.Domain\Eduegate.Domain.csproj", "{BE9658C9-4087-461F-9BB0-8E38DC959B34}"
EndProject
Project("{FAE04EC0-301F-11D3-BF4B-00C04F79EFBC}") = "Eduegate.Services.Contracts", "Services\Eduegate.Services.Contracts\Eduegate.Services.Contracts.csproj", "{763A4395-BBEE-4C93-87EE-E97395C9BFF4}"
EndProject
Global
	GlobalSection(SolutionConfigurationPlatforms) = preSolution
		Debug|Any CPU = Debug|Any CPU
		Release|Any CPU = Release|Any CPU
	EndGlobalSection
	GlobalSection(ProjectConfigurationPlatforms) = postSolution
		{786B43C1-3BEB-48DC-9B26-059411487CF6}.Debug|Any CPU.ActiveCfg = Debug|Any CPU
		{786B43C1-3BEB-48DC-9B26-059411487CF6}.Debug|Any CPU.Build.0 = Debug|Any CPU
		{786B43C1-3BEB-48DC-9B26-059411487CF6}.Release|Any CPU.ActiveCfg = Release|Any CPU
		{786B43C1-3BEB-48DC-9B26-059411487CF6}.Release|Any CPU.Build.0 = Release|Any CPU
		{233F1351-4C89-4C10-AA35-AE9FB90A3C33}.Debug|Any CPU.ActiveCfg = Debug|Any CPU
		{233F1351-4C89-4C10-AA35-AE9FB90A3C33}.Debug|Any CPU.Build.0 = Debug|Any CPU
		{233F1351-4C89-4C10-AA35-AE9FB90A3C33}.Release|Any CPU.ActiveCfg = Release|Any CPU
		{233F1351-4C89-4C10-AA35-AE9FB90A3C33}.Release|Any CPU.Build.0 = Release|Any CPU
		{74BA676D-5DFF-4573-96AE-3028FE993210}.Debug|Any CPU.ActiveCfg = Debug|Any CPU
		{74BA676D-5DFF-4573-96AE-3028FE993210}.Debug|Any CPU.Build.0 = Debug|Any CPU
		{74BA676D-5DFF-4573-96AE-3028FE993210}.Release|Any CPU.ActiveCfg = Release|Any CPU
		{74BA676D-5DFF-4573-96AE-3028FE993210}.Release|Any CPU.Build.0 = Release|Any CPU
		{3CBFEB1A-8383-4AB1-A2E8-F91096A87446}.Debug|Any CPU.ActiveCfg = Debug|Any CPU
		{3CBFEB1A-8383-4AB1-A2E8-F91096A87446}.Debug|Any CPU.Build.0 = Debug|Any CPU
		{3CBFEB1A-8383-4AB1-A2E8-F91096A87446}.Release|Any CPU.ActiveCfg = Release|Any CPU
		{3CBFEB1A-8383-4AB1-A2E8-F91096A87446}.Release|Any CPU.Build.0 = Release|Any CPU
		{485B4A8B-A67E-4303-846F-7208A3166A38}.Debug|Any CPU.ActiveCfg = Debug|Any CPU
		{485B4A8B-A67E-4303-846F-7208A3166A38}.Debug|Any CPU.Build.0 = Debug|Any CPU
		{485B4A8B-A67E-4303-846F-7208A3166A38}.Release|Any CPU.ActiveCfg = Release|Any CPU
		{485B4A8B-A67E-4303-846F-7208A3166A38}.Release|Any CPU.Build.0 = Release|Any CPU
		{55B5B07E-9373-4533-A5F4-46BC7F4B5F11}.Debug|Any CPU.ActiveCfg = Debug|Any CPU
		{55B5B07E-9373-4533-A5F4-46BC7F4B5F11}.Debug|Any CPU.Build.0 = Debug|Any CPU
		{55B5B07E-9373-4533-A5F4-46BC7F4B5F11}.Release|Any CPU.ActiveCfg = Release|Any CPU
		{55B5B07E-9373-4533-A5F4-46BC7F4B5F11}.Release|Any CPU.Build.0 = Release|Any CPU
		{08279C8B-96FE-4AC1-B3A4-4E009D847841}.Debug|Any CPU.ActiveCfg = Debug|Any CPU
		{08279C8B-96FE-4AC1-B3A4-4E009D847841}.Debug|Any CPU.Build.0 = Debug|Any CPU
		{08279C8B-96FE-4AC1-B3A4-4E009D847841}.Release|Any CPU.ActiveCfg = Release|Any CPU
		{08279C8B-96FE-4AC1-B3A4-4E009D847841}.Release|Any CPU.Build.0 = Release|Any CPU
		{093842E5-49A8-4A05-A920-1C5C4B99E171}.Debug|Any CPU.ActiveCfg = Debug|Any CPU
		{093842E5-49A8-4A05-A920-1C5C4B99E171}.Debug|Any CPU.Build.0 = Debug|Any CPU
		{093842E5-49A8-4A05-A920-1C5C4B99E171}.Release|Any CPU.ActiveCfg = Release|Any CPU
		{093842E5-49A8-4A05-A920-1C5C4B99E171}.Release|Any CPU.Build.0 = Release|Any CPU
		{BE9658C9-4087-461F-9BB0-8E38DC959B34}.Debug|Any CPU.ActiveCfg = Debug|Any CPU
		{BE9658C9-4087-461F-9BB0-8E38DC959B34}.Debug|Any CPU.Build.0 = Debug|Any CPU
		{BE9658C9-4087-461F-9BB0-8E38DC959B34}.Release|Any CPU.ActiveCfg = Release|Any CPU
		{BE9658C9-4087-461F-9BB0-8E38DC959B34}.Release|Any CPU.Build.0 = Release|Any CPU
		{763A4395-BBEE-4C93-87EE-E97395C9BFF4}.Debug|Any CPU.ActiveCfg = Debug|Any CPU
		{763A4395-BBEE-4C93-87EE-E97395C9BFF4}.Debug|Any CPU.Build.0 = Debug|Any CPU
		{763A4395-BBEE-4C93-87EE-E97395C9BFF4}.Release|Any CPU.ActiveCfg = Release|Any CPU
		{763A4395-BBEE-4C93-87EE-E97395C9BFF4}.Release|Any CPU.Build.0 = Release|Any CPU
	EndGlobalSection
	GlobalSection(SolutionProperties) = preSolution
		HideSolutionNode = FALSE
	EndGlobalSection
	GlobalSection(NestedProjects) = preSolution
		{233F1351-4C89-4C10-AA35-AE9FB90A3C33} = {5C67285E-B712-4362-9E82-FBDB2C2992D9}
		{3CBFEB1A-8383-4AB1-A2E8-F91096A87446} = {6356C1C2-B39E-426F-8BBD-FFA0FFBFA5FD}
		{093842E5-49A8-4A05-A920-1C5C4B99E171} = {6356C1C2-B39E-426F-8BBD-FFA0FFBFA5FD}
		{BE9658C9-4087-461F-9BB0-8E38DC959B34} = {6356C1C2-B39E-426F-8BBD-FFA0FFBFA5FD}
		{763A4395-BBEE-4C93-87EE-E97395C9BFF4} = {6356C1C2-B39E-426F-8BBD-FFA0FFBFA5FD}
	EndGlobalSection
	GlobalSection(ExtensibilityGlobals) = postSolution
		SolutionGuid = {3721C5CE-2D84-4905-9A1B-8CA8A3A0A14E}
	EndGlobalSection
	GlobalSection(TeamFoundationVersionControl) = preSolution
		SccNumberOfProjects = 11
		SccEnterpriseProvider = {4CA58AB2-18FA-4F8D-95D4-32DDF27D184C}
		SccTeamFoundationServer = https://eduegate.visualstudio.com/
		SccLocalPath0 = .
		SccProjectUniqueName1 = Integrations\\Eduegate.Integrations\\Eduegate.Integrations.csproj
		SccProjectName1 = Integrations/Eduegate.Integrations
		SccLocalPath1 = Integrations\\Eduegate.Integrations
		SccProjectUniqueName2 = Integrations\\Eduegate.Integrations.Adapters.BMS\\Eduegate.Integrations.Adapters.BMS.csproj
		SccProjectTopLevelParentUniqueName2 = Eduegate.Integrations.sln
		SccProjectName2 = Integrations/Eduegate.Integrations.Adapters.BMS
		SccLocalPath2 = Integrations\\Eduegate.Integrations.Adapters.BMS
		SccProjectUniqueName3 = Integrations\\Eduegate.Integrations.Engine\\Eduegate.Integrations.Engine.csproj
		SccProjectName3 = Integrations/Eduegate.Integrations.Engine
		SccLocalPath3 = Integrations\\Eduegate.Integrations.Engine
		SccProjectUniqueName4 = Services\\Eduegate.Services.Contracts.School\\Eduegate.Services.Contracts.School.csproj
		SccProjectTopLevelParentUniqueName4 = Eduegate.Integrations.sln
		SccProjectName4 = Services/Eduegate.Services.Contracts.School
		SccLocalPath4 = Services\\Eduegate.Services.Contracts.School
		SccProjectUniqueName5 = Integrations\\Eduegate.Integrations.Factory\\Eduegate.Integrations.Factory.csproj
		SccProjectName5 = Integrations/Eduegate.Integrations.Factory
		SccLocalPath5 = Integrations\\Eduegate.Integrations.Factory
		SccProjectUniqueName6 = Integrations\\Eduegate.Integrations.Engine.Helper\\Eduegate.Integrations.Engine.Helper.csproj
		SccProjectName6 = Integrations/Eduegate.Integrations.Engine.Helper
		SccLocalPath6 = Integrations\\Eduegate.Integrations.Engine.Helper
		SccProjectUniqueName7 = Integrations\\Eduegate.Integrations.Engine.DbContext\\Eduegate.Integrations.Engine.DbContexts.csproj
		SccProjectName7 = Integrations/Eduegate.Integrations.Engine.DbContext
		SccLocalPath7 = Integrations\\Eduegate.Integrations.Engine.DbContext
		SccProjectUniqueName8 = Domain\\Eduegate.Domain.Mappers.School\\Eduegate.Domain.Mappers.School.csproj
		SccProjectTopLevelParentUniqueName8 = Eduegate.Integrations.sln
		SccProjectName8 = Domain/Eduegate.Domain.Mappers.School
		SccLocalPath8 = Domain\\Eduegate.Domain.Mappers.School
		SccProjectUniqueName9 = Domain\\Eduegate.Domain\\Eduegate.Domain.csproj
		SccProjectTopLevelParentUniqueName9 = Eduegate.Integrations.sln
		SccProjectName9 = Domain/Eduegate.Domain
		SccLocalPath9 = Domain\\Eduegate.Domain
		SccProjectUniqueName10 = Services\\Eduegate.Services.Contracts\\Eduegate.Services.Contracts.csproj
		SccProjectTopLevelParentUniqueName10 = Eduegate.Integrations.sln
		SccProjectName10 = Services/Eduegate.Services.Contracts
		SccLocalPath10 = Services\\Eduegate.Services.Contracts
	EndGlobalSection
EndGlobal
