
Microsoft Visual Studio Solution File, Format Version 12.00
# Visual Studio Version 17
VisualStudioVersion = 17.8.34322.80
MinimumVisualStudioVersion = 10.0.40219.1
Project("{9A19103F-16F7-4668-BE54-9A1E7A4F7556}") = "Eduegate.Vendor.PortalCore", "Presentation\Eduegate.Vendor.PortalCore\Eduegate.Vendor.PortalCore.csproj", "{7C485D51-40BE-40BC-A6E7-1348512806DF}"
EndProject
Project("{2150E333-8FDC-42A3-9474-1A3956D46DE8}") = "01 Presentation", "01 Presentation", "{6506BBFC-D099-428C-A4D7-979036EC842C}"
EndProject
Project("{2150E333-8FDC-42A3-9474-1A3956D46DE8}") = "02 Services", "02 Services", "{C8653414-B886-45C6-9100-F436B26D113B}"
EndProject
Project("{2150E333-8FDC-42A3-9474-1A3956D46DE8}") = "03 Domain", "03 Domain", "{BC20E650-6CBE-470F-A00A-341E361DAF14}"
EndProject
Project("{2150E333-8FDC-42A3-9474-1A3956D46DE8}") = "Entity", "Entity", "{CA15D950-8B15-479D-8256-C8513CBB4EB4}"
EndProject
Project("{9A19103F-16F7-4668-BE54-9A1E7A4F7556}") = "Eduegate.Domain.Entity.IoC.PublicApi", "Domain\Eduegate.Domain.Entity.IoC.PublicApi\Eduegate.Domain.Entity.IoC.PublicApi.csproj", "{0B9C0DD1-496E-4520-84D8-EE9626A2D897}"
EndProject
Project("{2150E333-8FDC-42A3-9474-1A3956D46DE8}") = "Contracts", "Contracts", "{883D3765-0181-463A-BE83-B63A0105D6C5}"
EndProject
Project("{2150E333-8FDC-42A3-9474-1A3956D46DE8}") = "Client", "Client", "{EEDEE9EB-3E96-4DF3-93BC-D0E0EF4A3498}"
EndProject
Project("{9A19103F-16F7-4668-BE54-9A1E7A4F7556}") = "Eduegate.Services", "Services\Eduegate.Services\Eduegate.Services.csproj", "{E4582D0C-D0B9-4B7F-B852-978426FD4FEA}"
EndProject
Project("{9A19103F-16F7-4668-BE54-9A1E7A4F7556}") = "Eduegate.Services.Client", "Services\Eduegate.Services.Client\Eduegate.Services.Client.csproj", "{7D4A87A8-B1D2-4D8A-BEC4-09CE1AF17065}"
EndProject
Project("{9A19103F-16F7-4668-BE54-9A1E7A4F7556}") = "Eduegate.Hub.Client", "Services\Eduegate.Hub.Client\Eduegate.Hub.Client.csproj", "{FAEF6F9B-F50D-4C67-830A-FCB6E67783D0}"
EndProject
Project("{9A19103F-16F7-4668-BE54-9A1E7A4F7556}") = "Eduegate.Services.Client.Direct", "Services\Eduegate.Services.Client.Direct\Eduegate.Services.Client.Direct.csproj", "{466D4AA3-28FC-4C4C-B051-37982CED9DF2}"
EndProject
Project("{9A19103F-16F7-4668-BE54-9A1E7A4F7556}") = "Eduegate.Services.Client.Factory", "Services\Eduegate.Services.Client.ClientFactory\Eduegate.Services.Client.Factory.csproj", "{07AB0323-36D5-42FB-88E4-E485FB79BED1}"
EndProject
Project("{9A19103F-16F7-4668-BE54-9A1E7A4F7556}") = "Eduegate.Services.Contracts", "Services\Eduegate.Services.Contracts\Eduegate.Services.Contracts.csproj", "{866E9536-B51F-4E30-B7CD-FAC415E8034A}"
EndProject
Project("{2150E333-8FDC-42A3-9474-1A3956D46DE8}") = "06 Application", "06 Application", "{BA5A9C0A-AA8C-45DA-ACD3-98CAA6C7AC06}"
EndProject
Project("{9A19103F-16F7-4668-BE54-9A1E7A4F7556}") = "Eduegate.Application.Mvc", "Application\Eduegate.Application.Mvc\Eduegate.Application.Mvc.csproj", "{10A86F2D-98C2-4CFF-BB32-7131370587D8}"
EndProject
Project("{9A19103F-16F7-4668-BE54-9A1E7A4F7556}") = "Eduegate.Domain", "Domain\Eduegate.Domain\Eduegate.Domain.csproj", "{BBDCBD10-57AA-4B0B-9DA7-693C87A23E41}"
EndProject
Project("{2150E333-8FDC-42A3-9474-1A3956D46DE8}") = "Repository", "Repository", "{9444C338-AC1A-4862-849E-4885B5E9BC3D}"
EndProject
Project("{9A19103F-16F7-4668-BE54-9A1E7A4F7556}") = "Eduegate.Domain.Repository", "Domain\Eduegate.Domain.Repository\Eduegate.Domain.Repository.csproj", "{306147BD-DF0F-43B3-AA6A-1C55A48E9DA8}"
EndProject
Project("{9A19103F-16F7-4668-BE54-9A1E7A4F7556}") = "Eduegate.Domain.Entity", "Domain\Eduegate.Domain.Entity\Eduegate.Domain.Entity.csproj", "{2E8DAEB3-64AC-41D6-8463-7742BBFA4360}"
EndProject
Project("{2150E333-8FDC-42A3-9474-1A3956D46DE8}") = "ViewModels", "ViewModels", "{C93BBEA6-04F5-4E95-91C1-18FF08B07401}"
EndProject
Project("{9A19103F-16F7-4668-BE54-9A1E7A4F7556}") = "Eduegate.Web.Library", "Presentation\Eduegate.Web.Library\Eduegate.Web.Library.csproj", "{5D338279-87F1-4B0E-B953-E29D06370A79}"
EndProject
Project("{2150E333-8FDC-42A3-9474-1A3956D46DE8}") = "Solution Items", "Solution Items", "{46B9A88A-342F-41D1-8E68-E7BAB347A0E8}"
EndProject
Project("{2150E333-8FDC-42A3-9474-1A3956D46DE8}") = "Integrations", "Integrations", "{B7632855-BDB2-48B8-9552-9136B7C6F4BD}"
EndProject
Project("{9A19103F-16F7-4668-BE54-9A1E7A4F7556}") = "Eduegate.Integrations.Engine.Helper", "Integrations\Eduegate.Integrations.Engine.Helper\Eduegate.Integrations.Engine.Helper.csproj", "{1AA7A2CD-A72B-4EE4-B2F3-6BAA7E26F8C8}"
EndProject
Project("{2150E333-8FDC-42A3-9474-1A3956D46DE8}") = "04 Infrastructure", "04 Infrastructure", "{B0F07B69-95A3-4591-8EEE-08D51E5FFBDE}"
EndProject
Project("{9A19103F-16F7-4668-BE54-9A1E7A4F7556}") = "Eduegate.Infrastructure", "Infrastructure\Eduegate.Infrastructure\Eduegate.Infrastructure.csproj", "{0B887951-2642-4500-A6B9-B294D3DCA577}"
EndProject
Project("{9A19103F-16F7-4668-BE54-9A1E7A4F7556}") = "Eduegate.Services.Contracts.Contents", "Services\Eduegate.Services.Contracts.Contents\Eduegate.Services.Contracts.Contents.csproj", "{123BEFAC-67F7-42FB-86E4-422E1D4D2247}"
EndProject
Project("{2150E333-8FDC-42A3-9474-1A3956D46DE8}") = "Mappers", "Mappers", "{16BA27A7-E171-448A-85C8-AF931E41CA1D}"
EndProject
Project("{9A19103F-16F7-4668-BE54-9A1E7A4F7556}") = "Eduegate.Domain.Mappers.Contents", "Domain\Eduegate.Domain.Mappers.Contents\Eduegate.Domain.Mappers.Contents.csproj", "{D9E31EF8-7AEC-4953-85CB-12FCE09F34CA}"
EndProject
Project("{9A19103F-16F7-4668-BE54-9A1E7A4F7556}") = "Eduegate.Domain.Report", "Domain\Eduegate.Domain.Report\Eduegate.Domain.Report.csproj", "{DE76DD79-9890-4F48-B218-529E7CA8F715}"
EndProject
Global
	GlobalSection(SolutionConfigurationPlatforms) = preSolution
		Debug|Any CPU = Debug|Any CPU
		Release|Any CPU = Release|Any CPU
	EndGlobalSection
	GlobalSection(ProjectConfigurationPlatforms) = postSolution
		{7C485D51-40BE-40BC-A6E7-1348512806DF}.Debug|Any CPU.ActiveCfg = Debug|Any CPU
		{7C485D51-40BE-40BC-A6E7-1348512806DF}.Debug|Any CPU.Build.0 = Debug|Any CPU
		{7C485D51-40BE-40BC-A6E7-1348512806DF}.Release|Any CPU.ActiveCfg = Release|Any CPU
		{7C485D51-40BE-40BC-A6E7-1348512806DF}.Release|Any CPU.Build.0 = Release|Any CPU
		{0B9C0DD1-496E-4520-84D8-EE9626A2D897}.Debug|Any CPU.ActiveCfg = Debug|Any CPU
		{0B9C0DD1-496E-4520-84D8-EE9626A2D897}.Debug|Any CPU.Build.0 = Debug|Any CPU
		{0B9C0DD1-496E-4520-84D8-EE9626A2D897}.Release|Any CPU.ActiveCfg = Release|Any CPU
		{0B9C0DD1-496E-4520-84D8-EE9626A2D897}.Release|Any CPU.Build.0 = Release|Any CPU
		{E4582D0C-D0B9-4B7F-B852-978426FD4FEA}.Debug|Any CPU.ActiveCfg = Debug|Any CPU
		{E4582D0C-D0B9-4B7F-B852-978426FD4FEA}.Debug|Any CPU.Build.0 = Debug|Any CPU
		{E4582D0C-D0B9-4B7F-B852-978426FD4FEA}.Release|Any CPU.ActiveCfg = Release|Any CPU
		{E4582D0C-D0B9-4B7F-B852-978426FD4FEA}.Release|Any CPU.Build.0 = Release|Any CPU
		{7D4A87A8-B1D2-4D8A-BEC4-09CE1AF17065}.Debug|Any CPU.ActiveCfg = Debug|Any CPU
		{7D4A87A8-B1D2-4D8A-BEC4-09CE1AF17065}.Debug|Any CPU.Build.0 = Debug|Any CPU
		{7D4A87A8-B1D2-4D8A-BEC4-09CE1AF17065}.Release|Any CPU.ActiveCfg = Release|Any CPU
		{7D4A87A8-B1D2-4D8A-BEC4-09CE1AF17065}.Release|Any CPU.Build.0 = Release|Any CPU
		{FAEF6F9B-F50D-4C67-830A-FCB6E67783D0}.Debug|Any CPU.ActiveCfg = Debug|Any CPU
		{FAEF6F9B-F50D-4C67-830A-FCB6E67783D0}.Debug|Any CPU.Build.0 = Debug|Any CPU
		{FAEF6F9B-F50D-4C67-830A-FCB6E67783D0}.Release|Any CPU.ActiveCfg = Release|Any CPU
		{FAEF6F9B-F50D-4C67-830A-FCB6E67783D0}.Release|Any CPU.Build.0 = Release|Any CPU
		{466D4AA3-28FC-4C4C-B051-37982CED9DF2}.Debug|Any CPU.ActiveCfg = Debug|Any CPU
		{466D4AA3-28FC-4C4C-B051-37982CED9DF2}.Debug|Any CPU.Build.0 = Debug|Any CPU
		{466D4AA3-28FC-4C4C-B051-37982CED9DF2}.Release|Any CPU.ActiveCfg = Release|Any CPU
		{466D4AA3-28FC-4C4C-B051-37982CED9DF2}.Release|Any CPU.Build.0 = Release|Any CPU
		{07AB0323-36D5-42FB-88E4-E485FB79BED1}.Debug|Any CPU.ActiveCfg = Debug|Any CPU
		{07AB0323-36D5-42FB-88E4-E485FB79BED1}.Debug|Any CPU.Build.0 = Debug|Any CPU
		{07AB0323-36D5-42FB-88E4-E485FB79BED1}.Release|Any CPU.ActiveCfg = Release|Any CPU
		{07AB0323-36D5-42FB-88E4-E485FB79BED1}.Release|Any CPU.Build.0 = Release|Any CPU
		{866E9536-B51F-4E30-B7CD-FAC415E8034A}.Debug|Any CPU.ActiveCfg = Debug|Any CPU
		{866E9536-B51F-4E30-B7CD-FAC415E8034A}.Debug|Any CPU.Build.0 = Debug|Any CPU
		{866E9536-B51F-4E30-B7CD-FAC415E8034A}.Release|Any CPU.ActiveCfg = Release|Any CPU
		{866E9536-B51F-4E30-B7CD-FAC415E8034A}.Release|Any CPU.Build.0 = Release|Any CPU
		{10A86F2D-98C2-4CFF-BB32-7131370587D8}.Debug|Any CPU.ActiveCfg = Debug|Any CPU
		{10A86F2D-98C2-4CFF-BB32-7131370587D8}.Debug|Any CPU.Build.0 = Debug|Any CPU
		{10A86F2D-98C2-4CFF-BB32-7131370587D8}.Release|Any CPU.ActiveCfg = Release|Any CPU
		{10A86F2D-98C2-4CFF-BB32-7131370587D8}.Release|Any CPU.Build.0 = Release|Any CPU
		{BBDCBD10-57AA-4B0B-9DA7-693C87A23E41}.Debug|Any CPU.ActiveCfg = Debug|Any CPU
		{BBDCBD10-57AA-4B0B-9DA7-693C87A23E41}.Debug|Any CPU.Build.0 = Debug|Any CPU
		{BBDCBD10-57AA-4B0B-9DA7-693C87A23E41}.Release|Any CPU.ActiveCfg = Release|Any CPU
		{BBDCBD10-57AA-4B0B-9DA7-693C87A23E41}.Release|Any CPU.Build.0 = Release|Any CPU
		{306147BD-DF0F-43B3-AA6A-1C55A48E9DA8}.Debug|Any CPU.ActiveCfg = Debug|Any CPU
		{306147BD-DF0F-43B3-AA6A-1C55A48E9DA8}.Debug|Any CPU.Build.0 = Debug|Any CPU
		{306147BD-DF0F-43B3-AA6A-1C55A48E9DA8}.Release|Any CPU.ActiveCfg = Release|Any CPU
		{306147BD-DF0F-43B3-AA6A-1C55A48E9DA8}.Release|Any CPU.Build.0 = Release|Any CPU
		{2E8DAEB3-64AC-41D6-8463-7742BBFA4360}.Debug|Any CPU.ActiveCfg = Debug|Any CPU
		{2E8DAEB3-64AC-41D6-8463-7742BBFA4360}.Debug|Any CPU.Build.0 = Debug|Any CPU
		{2E8DAEB3-64AC-41D6-8463-7742BBFA4360}.Release|Any CPU.ActiveCfg = Release|Any CPU
		{2E8DAEB3-64AC-41D6-8463-7742BBFA4360}.Release|Any CPU.Build.0 = Release|Any CPU
		{5D338279-87F1-4B0E-B953-E29D06370A79}.Debug|Any CPU.ActiveCfg = Debug|Any CPU
		{5D338279-87F1-4B0E-B953-E29D06370A79}.Debug|Any CPU.Build.0 = Debug|Any CPU
		{5D338279-87F1-4B0E-B953-E29D06370A79}.Release|Any CPU.ActiveCfg = Release|Any CPU
		{5D338279-87F1-4B0E-B953-E29D06370A79}.Release|Any CPU.Build.0 = Release|Any CPU
		{1AA7A2CD-A72B-4EE4-B2F3-6BAA7E26F8C8}.Debug|Any CPU.ActiveCfg = Debug|Any CPU
		{1AA7A2CD-A72B-4EE4-B2F3-6BAA7E26F8C8}.Debug|Any CPU.Build.0 = Debug|Any CPU
		{1AA7A2CD-A72B-4EE4-B2F3-6BAA7E26F8C8}.Release|Any CPU.ActiveCfg = Release|Any CPU
		{1AA7A2CD-A72B-4EE4-B2F3-6BAA7E26F8C8}.Release|Any CPU.Build.0 = Release|Any CPU
		{0B887951-2642-4500-A6B9-B294D3DCA577}.Debug|Any CPU.ActiveCfg = Debug|Any CPU
		{0B887951-2642-4500-A6B9-B294D3DCA577}.Debug|Any CPU.Build.0 = Debug|Any CPU
		{0B887951-2642-4500-A6B9-B294D3DCA577}.Release|Any CPU.ActiveCfg = Release|Any CPU
		{0B887951-2642-4500-A6B9-B294D3DCA577}.Release|Any CPU.Build.0 = Release|Any CPU
		{123BEFAC-67F7-42FB-86E4-422E1D4D2247}.Debug|Any CPU.ActiveCfg = Debug|Any CPU
		{123BEFAC-67F7-42FB-86E4-422E1D4D2247}.Debug|Any CPU.Build.0 = Debug|Any CPU
		{123BEFAC-67F7-42FB-86E4-422E1D4D2247}.Release|Any CPU.ActiveCfg = Release|Any CPU
		{123BEFAC-67F7-42FB-86E4-422E1D4D2247}.Release|Any CPU.Build.0 = Release|Any CPU
		{D9E31EF8-7AEC-4953-85CB-12FCE09F34CA}.Debug|Any CPU.ActiveCfg = Debug|Any CPU
		{D9E31EF8-7AEC-4953-85CB-12FCE09F34CA}.Debug|Any CPU.Build.0 = Debug|Any CPU
		{D9E31EF8-7AEC-4953-85CB-12FCE09F34CA}.Release|Any CPU.ActiveCfg = Release|Any CPU
		{D9E31EF8-7AEC-4953-85CB-12FCE09F34CA}.Release|Any CPU.Build.0 = Release|Any CPU
		{DE76DD79-9890-4F48-B218-529E7CA8F715}.Debug|Any CPU.ActiveCfg = Debug|Any CPU
		{DE76DD79-9890-4F48-B218-529E7CA8F715}.Debug|Any CPU.Build.0 = Debug|Any CPU
		{DE76DD79-9890-4F48-B218-529E7CA8F715}.Release|Any CPU.ActiveCfg = Release|Any CPU
		{DE76DD79-9890-4F48-B218-529E7CA8F715}.Release|Any CPU.Build.0 = Release|Any CPU
	EndGlobalSection
	GlobalSection(SolutionProperties) = preSolution
		HideSolutionNode = FALSE
	EndGlobalSection
	GlobalSection(NestedProjects) = preSolution
		{7C485D51-40BE-40BC-A6E7-1348512806DF} = {6506BBFC-D099-428C-A4D7-979036EC842C}
		{CA15D950-8B15-479D-8256-C8513CBB4EB4} = {BC20E650-6CBE-470F-A00A-341E361DAF14}
		{0B9C0DD1-496E-4520-84D8-EE9626A2D897} = {CA15D950-8B15-479D-8256-C8513CBB4EB4}
		{883D3765-0181-463A-BE83-B63A0105D6C5} = {C8653414-B886-45C6-9100-F436B26D113B}
		{EEDEE9EB-3E96-4DF3-93BC-D0E0EF4A3498} = {C8653414-B886-45C6-9100-F436B26D113B}
		{E4582D0C-D0B9-4B7F-B852-978426FD4FEA} = {C8653414-B886-45C6-9100-F436B26D113B}
		{7D4A87A8-B1D2-4D8A-BEC4-09CE1AF17065} = {EEDEE9EB-3E96-4DF3-93BC-D0E0EF4A3498}
		{FAEF6F9B-F50D-4C67-830A-FCB6E67783D0} = {EEDEE9EB-3E96-4DF3-93BC-D0E0EF4A3498}
		{466D4AA3-28FC-4C4C-B051-37982CED9DF2} = {EEDEE9EB-3E96-4DF3-93BC-D0E0EF4A3498}
		{07AB0323-36D5-42FB-88E4-E485FB79BED1} = {EEDEE9EB-3E96-4DF3-93BC-D0E0EF4A3498}
		{866E9536-B51F-4E30-B7CD-FAC415E8034A} = {883D3765-0181-463A-BE83-B63A0105D6C5}
		{10A86F2D-98C2-4CFF-BB32-7131370587D8} = {BA5A9C0A-AA8C-45DA-ACD3-98CAA6C7AC06}
		{BBDCBD10-57AA-4B0B-9DA7-693C87A23E41} = {BC20E650-6CBE-470F-A00A-341E361DAF14}
		{9444C338-AC1A-4862-849E-4885B5E9BC3D} = {BC20E650-6CBE-470F-A00A-341E361DAF14}
		{306147BD-DF0F-43B3-AA6A-1C55A48E9DA8} = {9444C338-AC1A-4862-849E-4885B5E9BC3D}
		{2E8DAEB3-64AC-41D6-8463-7742BBFA4360} = {CA15D950-8B15-479D-8256-C8513CBB4EB4}
		{C93BBEA6-04F5-4E95-91C1-18FF08B07401} = {6506BBFC-D099-428C-A4D7-979036EC842C}
		{5D338279-87F1-4B0E-B953-E29D06370A79} = {C93BBEA6-04F5-4E95-91C1-18FF08B07401}
		{1AA7A2CD-A72B-4EE4-B2F3-6BAA7E26F8C8} = {B7632855-BDB2-48B8-9552-9136B7C6F4BD}
		{0B887951-2642-4500-A6B9-B294D3DCA577} = {B0F07B69-95A3-4591-8EEE-08D51E5FFBDE}
		{123BEFAC-67F7-42FB-86E4-422E1D4D2247} = {883D3765-0181-463A-BE83-B63A0105D6C5}
		{16BA27A7-E171-448A-85C8-AF931E41CA1D} = {BC20E650-6CBE-470F-A00A-341E361DAF14}
		{D9E31EF8-7AEC-4953-85CB-12FCE09F34CA} = {16BA27A7-E171-448A-85C8-AF931E41CA1D}
		{DE76DD79-9890-4F48-B218-529E7CA8F715} = {BC20E650-6CBE-470F-A00A-341E361DAF14}
	EndGlobalSection
	GlobalSection(ExtensibilityGlobals) = postSolution
		SolutionGuid = {17251115-D424-4454-A9C8-64388B92A3DA}
	EndGlobalSection
	GlobalSection(TeamFoundationVersionControl) = preSolution
		SccNumberOfProjects = 17
		SccEnterpriseProvider = {4CA58AB2-18FA-4F8D-95D4-32DDF27D184C}
		SccTeamFoundationServer = https://eduegate.visualstudio.com/
		SccProjectUniqueName0 = Domain\\Eduegate.Domain.Entity.IoC.PublicApi\\Eduegate.Domain.Entity.IoC.PublicApi.csproj
		SccProjectTopLevelParentUniqueName0 = Eduegate.Vendor.PortalCore.sln
		SccProjectName0 = Domain/Eduegate.Domain.Entity.IoC.PublicApi
		SccAuxPath0 = https://eduegate.visualstudio.com
		SccLocalPath0 = Domain\\Eduegate.Domain.Entity.IoC.PublicApi
		SccProvider0 = {4CA58AB2-18FA-4F8D-95D4-32DDF27D184C}
		SccProjectUniqueName1 = Services\\Eduegate.Services\\Eduegate.Services.csproj
		SccProjectTopLevelParentUniqueName1 = Eduegate.Vendor.PortalCore.sln
		SccProjectName1 = Services/Eduegate.Services
		SccAuxPath1 = https://eduegate.visualstudio.com
		SccLocalPath1 = Services\\Eduegate.Services
		SccProvider1 = {4CA58AB2-18FA-4F8D-95D4-32DDF27D184C}
		SccProjectUniqueName2 = Services\\Eduegate.Services.Client\\Eduegate.Services.Client.csproj
		SccProjectTopLevelParentUniqueName2 = Eduegate.Vendor.PortalCore.sln
		SccProjectName2 = Services/Eduegate.Services.Client
		SccAuxPath2 = https://eduegate.visualstudio.com
		SccLocalPath2 = Services\\Eduegate.Services.Client
		SccProvider2 = {4CA58AB2-18FA-4F8D-95D4-32DDF27D184C}
		SccProjectUniqueName3 = Services\\Eduegate.Hub.Client\\Eduegate.Hub.Client.csproj
		SccProjectTopLevelParentUniqueName3 = Eduegate.Vendor.PortalCore.sln
		SccProjectName3 = Services/Eduegate.Hub.Client
		SccAuxPath3 = https://eduegate.visualstudio.com
		SccLocalPath3 = Services\\Eduegate.Hub.Client
		SccProvider3 = {4CA58AB2-18FA-4F8D-95D4-32DDF27D184C}
		SccProjectUniqueName4 = Services\\Eduegate.Services.Client.Direct\\Eduegate.Services.Client.Direct.csproj
		SccProjectTopLevelParentUniqueName4 = Eduegate.Vendor.PortalCore.sln
		SccProjectName4 = Services/Eduegate.Services.Client.Direct
		SccAuxPath4 = https://eduegate.visualstudio.com
		SccLocalPath4 = Services\\Eduegate.Services.Client.Direct
		SccProvider4 = {4CA58AB2-18FA-4F8D-95D4-32DDF27D184C}
		SccProjectUniqueName5 = Services\\Eduegate.Services.Client.ClientFactory\\Eduegate.Services.Client.Factory.csproj
		SccProjectTopLevelParentUniqueName5 = Eduegate.Vendor.PortalCore.sln
		SccProjectName5 = Services/Eduegate.Services.Client.ClientFactory
		SccAuxPath5 = https://eduegate.visualstudio.com
		SccLocalPath5 = Services\\Eduegate.Services.Client.ClientFactory
		SccProvider5 = {4CA58AB2-18FA-4F8D-95D4-32DDF27D184C}
		SccProjectUniqueName6 = Services\\Eduegate.Services.Contracts\\Eduegate.Services.Contracts.csproj
		SccProjectTopLevelParentUniqueName6 = Eduegate.Vendor.PortalCore.sln
		SccProjectName6 = Services/Eduegate.Services.Contracts
		SccAuxPath6 = https://eduegate.visualstudio.com
		SccLocalPath6 = Services\\Eduegate.Services.Contracts
		SccProvider6 = {4CA58AB2-18FA-4F8D-95D4-32DDF27D184C}
		SccProjectUniqueName7 = Application\\Eduegate.Application.Mvc\\Eduegate.Application.Mvc.csproj
		SccProjectTopLevelParentUniqueName7 = Eduegate.Vendor.PortalCore.sln
		SccProjectName7 = Application/Eduegate.Application.Mvc
		SccAuxPath7 = https://eduegate.visualstudio.com
		SccLocalPath7 = Application\\Eduegate.Application.Mvc
		SccProvider7 = {4CA58AB2-18FA-4F8D-95D4-32DDF27D184C}
		SccProjectUniqueName8 = Domain\\Eduegate.Domain\\Eduegate.Domain.csproj
		SccProjectTopLevelParentUniqueName8 = Eduegate.Vendor.PortalCore.sln
		SccProjectName8 = Domain/Eduegate.Domain
		SccAuxPath8 = https://eduegate.visualstudio.com
		SccLocalPath8 = Domain\\Eduegate.Domain
		SccProvider8 = {4CA58AB2-18FA-4F8D-95D4-32DDF27D184C}
		SccProjectUniqueName9 = Domain\\Eduegate.Domain.Repository\\Eduegate.Domain.Repository.csproj
		SccProjectTopLevelParentUniqueName9 = Eduegate.Vendor.PortalCore.sln
		SccProjectName9 = Domain/Eduegate.Domain.Repository
		SccAuxPath9 = https://eduegate.visualstudio.com
		SccLocalPath9 = Domain\\Eduegate.Domain.Repository
		SccProvider9 = {4CA58AB2-18FA-4F8D-95D4-32DDF27D184C}
		SccProjectUniqueName10 = Domain\\Eduegate.Domain.Entity\\Eduegate.Domain.Entity.csproj
		SccProjectTopLevelParentUniqueName10 = Eduegate.Vendor.PortalCore.sln
		SccProjectName10 = Domain/Eduegate.Domain.Entity
		SccAuxPath10 = https://eduegate.visualstudio.com
		SccLocalPath10 = Domain\\Eduegate.Domain.Entity
		SccProvider10 = {4CA58AB2-18FA-4F8D-95D4-32DDF27D184C}
		SccProjectUniqueName11 = Presentation\\Eduegate.Web.Library\\Eduegate.Web.Library.csproj
		SccProjectTopLevelParentUniqueName11 = Eduegate.Vendor.PortalCore.sln
		SccProjectName11 = Presentation/Eduegate.Web.Library
		SccAuxPath11 = https://eduegate.visualstudio.com
		SccLocalPath11 = Presentation\\Eduegate.Web.Library
		SccProvider11 = {4CA58AB2-18FA-4F8D-95D4-32DDF27D184C}
		SccProjectUniqueName12 = Integrations\\Eduegate.Integrations.Engine.Helper\\Eduegate.Integrations.Engine.Helper.csproj
		SccProjectTopLevelParentUniqueName12 = Eduegate.Vendor.PortalCore.sln
		SccProjectName12 = Integrations/Eduegate.Integrations.Engine.Helper
		SccAuxPath12 = https://eduegate.visualstudio.com
		SccLocalPath12 = Integrations\\Eduegate.Integrations.Engine.Helper
		SccProvider12 = {4CA58AB2-18FA-4F8D-95D4-32DDF27D184C}
		SccProjectUniqueName13 = Infrastructure\\Eduegate.Infrastructure\\Eduegate.Infrastructure.csproj
		SccProjectTopLevelParentUniqueName13 = Eduegate.Vendor.PortalCore.sln
		SccProjectName13 = Infrastructure/Eduegate.Infrastructure
		SccAuxPath13 = https://eduegate.visualstudio.com
		SccLocalPath13 = Infrastructure\\Eduegate.Infrastructure
		SccProvider13 = {4CA58AB2-18FA-4F8D-95D4-32DDF27D184C}
		SccProjectUniqueName14 = Services\\Eduegate.Services.Contracts.Contents\\Eduegate.Services.Contracts.Contents.csproj
		SccProjectTopLevelParentUniqueName14 = Eduegate.Vendor.PortalCore.sln
		SccProjectName14 = Services/Eduegate.Services.Contracts.Contents
		SccAuxPath14 = https://eduegate.visualstudio.com
		SccLocalPath14 = Services\\Eduegate.Services.Contracts.Contents
		SccProvider14 = {4CA58AB2-18FA-4F8D-95D4-32DDF27D184C}
		SccProjectUniqueName15 = Domain\\Eduegate.Domain.Mappers.Contents\\Eduegate.Domain.Mappers.Contents.csproj
		SccProjectTopLevelParentUniqueName15 = Eduegate.Vendor.PortalCore.sln
		SccProjectName15 = Domain/Eduegate.Domain.Mappers.Contents
		SccAuxPath15 = https://eduegate.visualstudio.com
		SccLocalPath15 = Domain\\Eduegate.Domain.Mappers.Contents
		SccProvider15 = {4CA58AB2-18FA-4F8D-95D4-32DDF27D184C}
		SccProjectUniqueName16 = Domain\\Eduegate.Domain.Report\\Eduegate.Domain.Report.csproj
		SccProjectTopLevelParentUniqueName16 = Eduegate.Vendor.PortalCore.sln
		SccProjectName16 = Domain/Eduegate.Domain.Report
		SccAuxPath16 = https://eduegate.visualstudio.com
		SccLocalPath16 = Domain\\Eduegate.Domain.Report
		SccProvider16 = {4CA58AB2-18FA-4F8D-95D4-32DDF27D184C}
	EndGlobalSection
EndGlobal
